
Microsoft Visual Studio Solution File, Format Version 12.00
# Visual Studio Version 17
VisualStudioVersion = 17.14.36127.28
MinimumVisualStudioVersion = 10.0.40219.1
Project("{FAE04EC0-301F-11D3-BF4B-00C04F79EFBC}") = "ChessUI", "ChessUI\ChessUI.csproj", "{AD693561-D1FC-42E3-AEC8-04BF11AA859C}"
EndProject
Project("{FAE04EC0-301F-11D3-BF4B-00C04F79EFBC}") = "ChessLogic", "ChessLogic\ChessLogic.csproj", "{86B0D708-63AF-4891-A069-AA782F82054F}"
EndProject
Global
	GlobalSection(SolutionConfigurationPlatforms) = preSolution
		Debug|Any CPU = Debug|Any CPU
		Release|Any CPU = Release|Any CPU
	EndGlobalSection
	GlobalSection(ProjectConfigurationPlatforms) = postSolution
		{AD693561-D1FC-42E3-AEC8-04BF11AA859C}.Debug|Any CPU.ActiveCfg = Debug|Any CPU
		{AD693561-D1FC-42E3-AEC8-04BF11AA859C}.Debug|Any CPU.Build.0 = Debug|Any CPU
		{AD693561-D1FC-42E3-AEC8-04BF11AA859C}.Release|Any CPU.ActiveCfg = Release|Any CPU
		{AD693561-D1FC-42E3-AEC8-04BF11AA859C}.Release|Any CPU.Build.0 = Release|Any CPU
		{86B0D708-63AF-4891-A069-AA782F82054F}.Debug|Any CPU.ActiveCfg = Debug|Any CPU
		{86B0D708-63AF-4891-A069-AA782F82054F}.Debug|Any CPU.Build.0 = Debug|Any CPU
		{86B0D708-63AF-4891-A069-AA782F82054F}.Release|Any CPU.ActiveCfg = Release|Any CPU
		{86B0D708-63AF-4891-A069-AA782F82054F}.Release|Any CPU.Build.0 = Release|Any CPU
	EndGlobalSection
	GlobalSection(SolutionProperties) = preSolution
		HideSolutionNode = FALSE
	EndGlobalSection
	GlobalSection(ExtensibilityGlobals) = postSolution
		SolutionGuid = {E19145EA-29A3-44D9-8142-93FFBE5517C6}
	EndGlobalSection
EndGlobal
